
Microsoft Visual Studio Solution File, Format Version 12.00
# Visual Studio Version 16
VisualStudioVersion = 16.0.31613.86
MinimumVisualStudioVersion = 10.0.40219.1
Project("{FAE04EC0-301F-11D3-BF4B-00C04F79EFBC}") = "CustomerLogin", "CustomerLogin.csproj", "{51065A24-DE1B-43FF-9AA2-EB5C0B5D9EE9}"
EndProject
Global
	GlobalSection(SolutionConfigurationPlatforms) = preSolution
		Debug|Any CPU = Debug|Any CPU
		Release|Any CPU = Release|Any CPU
	EndGlobalSection
	GlobalSection(ProjectConfigurationPlatforms) = postSolution
		{51065A24-DE1B-43FF-9AA2-EB5C0B5D9EE9}.Debug|Any CPU.ActiveCfg = Debug|Any CPU
		{51065A24-DE1B-43FF-9AA2-EB5C0B5D9EE9}.Debug|Any CPU.Build.0 = Debug|Any CPU
		{51065A24-DE1B-43FF-9AA2-EB5C0B5D9EE9}.Release|Any CPU.ActiveCfg = Release|Any CPU
		{51065A24-DE1B-43FF-9AA2-EB5C0B5D9EE9}.Release|Any CPU.Build.0 = Release|Any CPU
	EndGlobalSection
	GlobalSection(SolutionProperties) = preSolution
		HideSolutionNode = FALSE
	EndGlobalSection
	GlobalSection(ExtensibilityGlobals) = postSolution
		SolutionGuid = {B84FF9E3-EA71-4CE4-9037-3672C5C4C402}
	EndGlobalSection
EndGlobal
